{
  "name": "hostel-management-backend",
  "version": "1.0.0",
  "lockfileVersion": 2,
  "requires": true,
  "packages": {
    "": {
      "name": "hostel-management-backend",
      "version": "1.0.0",
      "dependencies": {
        "bcryptjs": "^2.4.3",
        "cors": "^2.8.5",
        "dotenv": "^16.0.3",
        "express": "^4.18.2",
        "jsonwebtoken": "^9.0.0",
        "multer": "^1.4.5-lts.1",
        "mysql2": "^2.3.3",
        "otp-generator": "^4.0.1",
        "socket.io": "^4.7.2",
        "xlsx": "^0.18.5"
      },
      "devDependencies": {
        "nodemon": "^2.0.22"
      }
    },
    "node_modules/bcryptjs": {
      "version": "2.4.3",
      "resolved": "[https://registry.npmjs.org/bcryptjs/-/bcryptjs-2.4.3.tgz](https://registry.npmjs.org/bcryptjs/-/bcryptjs-2.4.3.tgz)",
      "integrity": "sha512-V/tFHvBwS9TJRINB6wGjB30hB2b2sXN7D0psK3aXPUhI9zJ9iGj4G0s3j3vN/J/9do2Au3eDAlDVL2a25Vd2g==",
      "engines": {
        "node": ">= 4.0.0"
      }
    },
    "node_modules/cors": {
      "version": "2.8.5",
      "resolved": "[https://registry.npmjs.org/cors/-/cors-2.8.5.tgz](https://registry.npmjs.org/cors/-/cors-2.8.5.tgz)",
      "integrity": "sha512-IIltTuB_p9CbS3i2zSIaYvR/Q8VmM7h2gXEMM2gA8w2xge/c9RPAIzIV1h2h8p/dBeLp95C/sFwulYEn+gAJOQ==",
      "dependencies": {
        "object-assign": "^4",
        "vary": "^1"
      },
      "engines": {
        "node": ">= 0.10"
      }
    },
    "node_modules/dotenv": {
      "version": "16.0.3",
      "resolved": "[https://registry.npmjs.org/dotenv/-/dotenv-16.0.3.tgz](https://registry.npmjs.org/dotenv/-/dotenv-16.0.3.tgz)",
      "integrity": "sha512-7GO6HghkA5fYG9TYnNxi14/7K9f5occMlp3zXAuSxn7CKPPDs2eKYbI82dZboxrzhDfnCj+5y+wN/HLu7jAUjA==",
      "engines": {
        "node": ">=12"
      }
    },
    "node_modules/express": {
      "version": "4.18.2",
      "resolved": "[https://registry.npmjs.org/express/-/express-4.18.2.tgz](https://registry.npmjs.org/express/-/express-4.18.2.tgz)",
      "integrity": "sha512-5/PsL6iGPdfQ/l3vvs1W3A8wScS3IO1NFnFfBq5k4Bgg2QyOEDvU+nF2yA0K34Y7tE/2R2g0s22U46hms05Oug==",
      "dependencies": {
        "accepts": "~1.3.8",
        "array-flatten": "1.1.1",
        "body-parser": "1.20.1",
        "content-disposition": "0.5.4",
        "content-type": "~1.0.4",
        "cookie": "0.5.0",
        "cookie-signature": "1.0.6",
        "debug": "2.6.9",
        "depd": "2.0.0",
        "encodeurl": "~1.0.2",
        "escape-html": "~1.0.3",
        "etag": "~1.8.1",
        "finalhandler": "1.2.0",
        "fresh": "0.5.2",
        "merge-descriptors": "1.0.1",
        "methods": "~1.1.2",
        "on-finished": "2.4.1",
        "parseurl": "~1.3.3",
        "path-to-regexp": "0.1.7",
        "proxy-addr": "~2.0.7",
        "qs": "6.11.0",
        "range-parser": "~1.2.1",
        "safe-buffer": "5.2.1",
        "send": "0.18.0",
        "serve-static": "1.15.0",
        "setprototypeof": "1.2.0",
        "statuses": "2.0.1",
        "type-is": "~1.6.18",
        "utils-flatten": "1.0.1",
        "vary": "~1.1.2"
      },
      "engines": {
        "node": ">= 0.10.0"
      }
    },
    "node_modules/jsonwebtoken": {
      "version": "9.0.0",
      "resolved": "[https://registry.npmjs.org/jsonwebtoken/-/jsonwebtoken-9.0.0.tgz](https://registry.npmjs.org/jsonwebtoken/-/jsonwebtoken-9.0.0.tgz)",
      "integrity": "sha512-9LURfRLvG3xB5kS0NSsR2QAbv4hVLiP42p22HhffN7g3w/65OFDCg9v7N20r62Qn2s2+3j3i52v5g3L22s4PA==",
      "dependencies": {
        "jws": "^3.2.2",
        "lodash.includes": "^4.3.0",
        "lodash.isboolean": "^3.0.3",
        "lodash.isinteger": "^4.0.4",
        "lodash.isnumber": "^3.0.3",
        "lodash.isplainobject": "^4.0.6",
        "lodash.isstring": "^4.0.1",
        "lodash.once": "^4.1.1",
        "ms": "^2.1.1",
        "semver": "^5.7.1"
      },
      "engines": {
        "node": ">=12",
        "npm": ">=6"
      }
    },
    "node_modules/multer": {
      "version": "1.4.5-lts.1",
      "resolved": "[https://registry.npmjs.org/multer/-/multer-1.4.5-lts.1.tgz](https://registry.npmjs.org/multer/-/multer-1.4.5-lts.1.tgz)",
      "integrity": "sha512-OM1THFRdZpLUS2y0222i2sIe4yW3g3C3k2nJ3easg8n4g3k/Ey4yEUvPno7wnf2T+3B4d5t4yPY2g+3h2w2wA==",
      "dependencies": {
        "append-field": "^1.0.0",
        "busboy": "^1.6.0",
        "concat-stream": "^2.0.0",
        "mkdirp": "^1.0.4",
        "object-assign": "^4.1.1",
        "type-is": "^1.6.18",
        "xtend": "^4.0.2"
      },
      "engines": {
        "node": ">= 6.0.0"
      }
    },
    "node_modules/mysql2": {
      "version": "2.3.3",
      "resolved": "[https://registry.npmjs.org/mysql2/-/mysql2-2.3.3.tgz](https://registry.npmjs.org/mysql2/-/mysql2-2.3.3.tgz)",
      "integrity": "sha512-wxJUvSr4sD9jQ2aNfJCaBmAo+8aTz36e+9aN5/k9EpCHun0e2ZckdvrfyhM/2BFGq28o/3yIe9TscqQ2h2s2SA==",
      "dependencies": {
        "denque": "^2.0.1",
        "generate-function": "^2.3.1",
        "iconv-lite": "^0.6.3",
        "long": "^5.2.0",
        "lru-cache": "^6.0.0",
        "named-placeholders": "^1.1.2",
        "seq-queue": "^0.0.5",
        "sqlstring": "^2.3.2"
      },
      "engines": {
        "node": ">= 8.0"
      }
    },
    "node_modules/otp-generator": {
      "version": "4.0.1",
      "resolved": "[https://registry.npmjs.org/otp-generator/-/otp-generator-4.0.1.tgz](https://registry.npmjs.org/otp-generator/-/otp-generator-4.0.1.tgz)",
      "integrity": "sha512-0I0P034/A2BvH2G2B/y2T4K2wA2yO0sVAL5Qv2OU8Pik9V2a7iG/wMPFm2oKxQy/2Jj/s0L4zV3L5s2Xv5r0Q==",
      "engines": {
        "node": ">= 12.0.0"
      }
    },
    "node_modules/socket.io": {
      "version": "4.7.2",
      "resolved": "[https://registry.npmjs.org/socket.io/-/socket.io-4.7.2.tgz](https://registry.npmjs.org/socket.io/-/socket.io-4.7.2.tgz)",
      "integrity": "sha512-s9n2mS36P22h42fG3Y4GYcf3Wvo1T4lt9vO8sMo3n2QV25qXk2g2Cm2kP2j2z3i4Yj/6k2JzC0g8p92FW2w6g==",
      "dependencies": {
        "accepts": "~1.3.8",
        "debug": "~4.3.4",
        "engine.io": "~6.5.2",
        "socket.io-adapter": "~2.5.2",
        "socket.io-parser": "~4.2.4"
      },
      "engines": {
        "node": ">=10.0.0"
      }
    },
    "node_modules/xlsx": {
      "version": "0.18.5",
      "resolved": "[https://registry.npmjs.org/xlsx/-/xlsx-0.18.5.tgz](https://registry.npmjs.org/xlsx/-/xlsx-0.18.5.tgz)",
      "integrity": "sha512-P9Y3gV27n3Am2j4zlkVbsD4j8Y7p6o480p66b2aSp3g3i2p2MhQ00L1sMPlwG829AWoVp5j037N0yVwZlA==",
      "bin": {
        "xlsx": "bin/xlsx.njs"
      },
      "engines": {
        "node": ">=0.8"
      }
    }
  }
}
